
Microsoft Visual Studio Solution File, Format Version 12.00
# Visual Studio 15
VisualStudioVersion = 15.0.27130.2026
MinimumVisualStudioVersion = 10.0.40219.1
Project("{FAE04EC0-301F-11D3-BF4B-00C04F79EFBC}") = "InsightGroup_Assign1", "InsightGroupTech\InsightGroup_Assign1.csproj", "{848F8822-F0F9-4107-BD99-D6B8B8956964}"
EndProject
Global
	GlobalSection(SolutionConfigurationPlatforms) = preSolution
		Debug|Any CPU = Debug|Any CPU
		Release|Any CPU = Release|Any CPU
	EndGlobalSection
	GlobalSection(ProjectConfigurationPlatforms) = postSolution
		{848F8822-F0F9-4107-BD99-D6B8B8956964}.Debug|Any CPU.ActiveCfg = Debug|Any CPU
		{848F8822-F0F9-4107-BD99-D6B8B8956964}.Debug|Any CPU.Build.0 = Debug|Any CPU
		{848F8822-F0F9-4107-BD99-D6B8B8956964}.Release|Any CPU.ActiveCfg = Release|Any CPU
		{848F8822-F0F9-4107-BD99-D6B8B8956964}.Release|Any CPU.Build.0 = Release|Any CPU
	EndGlobalSection
	GlobalSection(SolutionProperties) = preSolution
		HideSolutionNode = FALSE
	EndGlobalSection
	GlobalSection(ExtensibilityGlobals) = postSolution
		SolutionGuid = {31ED3C5F-EB03-48A8-9FFC-FAAAD5F50832}
	EndGlobalSection
EndGlobal
